
Microsoft Visual Studio Solution File, Format Version 12.00
# Visual Studio Version 16
VisualStudioVersion = 16.0.31112.23
MinimumVisualStudioVersion = 10.0.40219.1
Project("{9A19103F-16F7-4668-BE54-9A1E7A4F7556}") = "ServiceGarageHR", "ServiceGarageHR\ServiceGarageHR.csproj", "{7C712126-5010-4D67-BFAD-3F3703871A43}"
EndProject
Project("{9A19103F-16F7-4668-BE54-9A1E7A4F7556}") = "Shared", "Shared\Shared.csproj", "{CC4A06C8-D035-432C-8DF9-FA4F1A142515}"
EndProject
Project("{9A19103F-16F7-4668-BE54-9A1E7A4F7556}") = "Logic", "Logic\Logic.csproj", "{D2DE0286-5ED8-47B4-A033-AF325F26A1FD}"
EndProject
Project("{9A19103F-16F7-4668-BE54-9A1E7A4F7556}") = "Repo", "Repo\Repo.csproj", "{C45F833C-AD31-4B12-A011-8034C12A647E}"
EndProject
Project("{FAE04EC0-301F-11D3-BF4B-00C04F79EFBC}") = "UnitTesting", "UnitTesting\UnitTesting.csproj", "{AE5CCDF2-02F8-4058-A762-228AD03441F6}"
EndProject
Global
	GlobalSection(SolutionConfigurationPlatforms) = preSolution
		Debug|Any CPU = Debug|Any CPU
		Release|Any CPU = Release|Any CPU
	EndGlobalSection
	GlobalSection(ProjectConfigurationPlatforms) = postSolution
		{7C712126-5010-4D67-BFAD-3F3703871A43}.Debug|Any CPU.ActiveCfg = Debug|Any CPU
		{7C712126-5010-4D67-BFAD-3F3703871A43}.Debug|Any CPU.Build.0 = Debug|Any CPU
		{7C712126-5010-4D67-BFAD-3F3703871A43}.Release|Any CPU.ActiveCfg = Release|Any CPU
		{7C712126-5010-4D67-BFAD-3F3703871A43}.Release|Any CPU.Build.0 = Release|Any CPU
		{CC4A06C8-D035-432C-8DF9-FA4F1A142515}.Debug|Any CPU.ActiveCfg = Debug|Any CPU
		{CC4A06C8-D035-432C-8DF9-FA4F1A142515}.Debug|Any CPU.Build.0 = Debug|Any CPU
		{CC4A06C8-D035-432C-8DF9-FA4F1A142515}.Release|Any CPU.ActiveCfg = Release|Any CPU
		{CC4A06C8-D035-432C-8DF9-FA4F1A142515}.Release|Any CPU.Build.0 = Release|Any CPU
		{D2DE0286-5ED8-47B4-A033-AF325F26A1FD}.Debug|Any CPU.ActiveCfg = Debug|Any CPU
		{D2DE0286-5ED8-47B4-A033-AF325F26A1FD}.Debug|Any CPU.Build.0 = Debug|Any CPU
		{D2DE0286-5ED8-47B4-A033-AF325F26A1FD}.Release|Any CPU.ActiveCfg = Release|Any CPU
		{D2DE0286-5ED8-47B4-A033-AF325F26A1FD}.Release|Any CPU.Build.0 = Release|Any CPU
		{C45F833C-AD31-4B12-A011-8034C12A647E}.Debug|Any CPU.ActiveCfg = Debug|Any CPU
		{C45F833C-AD31-4B12-A011-8034C12A647E}.Debug|Any CPU.Build.0 = Debug|Any CPU
		{C45F833C-AD31-4B12-A011-8034C12A647E}.Release|Any CPU.ActiveCfg = Release|Any CPU
		{C45F833C-AD31-4B12-A011-8034C12A647E}.Release|Any CPU.Build.0 = Release|Any CPU
		{AE5CCDF2-02F8-4058-A762-228AD03441F6}.Debug|Any CPU.ActiveCfg = Debug|Any CPU
		{AE5CCDF2-02F8-4058-A762-228AD03441F6}.Debug|Any CPU.Build.0 = Debug|Any CPU
		{AE5CCDF2-02F8-4058-A762-228AD03441F6}.Release|Any CPU.ActiveCfg = Release|Any CPU
		{AE5CCDF2-02F8-4058-A762-228AD03441F6}.Release|Any CPU.Build.0 = Release|Any CPU
	EndGlobalSection
	GlobalSection(SolutionProperties) = preSolution
		HideSolutionNode = FALSE
	EndGlobalSection
	GlobalSection(ExtensibilityGlobals) = postSolution
		SolutionGuid = {FCD78D1C-C2E5-473C-8DB3-37FFA27BE04A}
	EndGlobalSection
EndGlobal
